// !$*UTF8*$!
{
	archiveVersion = 1;
	classes = {
	};
	objectVersion = 50;
	objects = {

/* Begin PBXBuildFile section */
		131492C020B98117000EE678 /* UIApplication+mainWindow.swift in Sources */ = {isa = PBXBuildFile; fileRef = 131492BF20B98117000EE678 /* UIApplication+mainWindow.swift */; };
		131492C420B98624000EE678 /* PlayerViewController.storyboard in Resources */ = {isa = PBXBuildFile; fileRef = 131492C320B98624000EE678 /* PlayerViewController.storyboard */; };
		131492CC20B9A2C1000EE678 /* Epoch.swift in Sources */ = {isa = PBXBuildFile; fileRef = 131492CB20B9A2C1000EE678 /* Epoch.swift */; };
		131492D020B9A8A5000EE678 /* CoreMotionModel.swift in Sources */ = {isa = PBXBuildFile; fileRef = 131492CF20B9A8A5000EE678 /* CoreMotionModel.swift */; };
		131492D220B9AA28000EE678 /* CoreMotionModelError.swift in Sources */ = {isa = PBXBuildFile; fileRef = 131492D120B9AA28000EE678 /* CoreMotionModelError.swift */; };
		1318D05F20B9CE97005FD7F7 /* MusicModel.swift in Sources */ = {isa = PBXBuildFile; fileRef = 1318D05E20B9CE97005FD7F7 /* MusicModel.swift */; };
		1358D3CD20B9645400E72DFD /* HealthModel.swift in Sources */ = {isa = PBXBuildFile; fileRef = 1358D3CC20B9645400E72DFD /* HealthModel.swift */; };
		1386B42720B96B1700F56388 /* HealthModelError.swift in Sources */ = {isa = PBXBuildFile; fileRef = 1386B42620B96B1700F56388 /* HealthModelError.swift */; };
		1386B42920B9772B00F56388 /* PlayerViewController.swift in Sources */ = {isa = PBXBuildFile; fileRef = 1386B42820B9772B00F56388 /* PlayerViewController.swift */; };
		13BDF0C520B95C7B0013017F /* AppDelegate.swift in Sources */ = {isa = PBXBuildFile; fileRef = 13BDF0C420B95C7B0013017F /* AppDelegate.swift */; };
		13BDF0C920B95C7B0013017F /* EntryViewController.swift in Sources */ = {isa = PBXBuildFile; fileRef = 13BDF0C820B95C7B0013017F /* EntryViewController.swift */; };
		13BDF0CC20B95C7B0013017F /* Main.storyboard in Resources */ = {isa = PBXBuildFile; fileRef = 13BDF0CA20B95C7B0013017F /* Main.storyboard */; };
		13BDF0CE20B95C7C0013017F /* Assets.xcassets in Resources */ = {isa = PBXBuildFile; fileRef = 13BDF0CD20B95C7C0013017F /* Assets.xcassets */; };
		13BDF0D120B95C7C0013017F /* LaunchScreen.storyboard in Resources */ = {isa = PBXBuildFile; fileRef = 13BDF0CF20B95C7C0013017F /* LaunchScreen.storyboard */; };
		13BDF0DA20B960B40013017F /* HealthKit.framework in Frameworks */ = {isa = PBXBuildFile; fileRef = 13BDF0D920B960B40013017F /* HealthKit.framework */; };
		E91FEB4A266ED6980403E5DC /* Pods_Adidas_Hackathon_Madrid.framework in Frameworks */ = {isa = PBXBuildFile; fileRef = 45AA8DE7377E07E91DBE536C /* Pods_Adidas_Hackathon_Madrid.framework */; };
/* End PBXBuildFile section */

/* Begin PBXFileReference section */
		0CDA5FAD224EB40230D08923 /* Pods-Adidas Hackathon Madrid.debug.xcconfig */ = {isa = PBXFileReference; includeInIndex = 1; lastKnownFileType = text.xcconfig; name = "Pods-Adidas Hackathon Madrid.debug.xcconfig"; path = "Pods/Target Support Files/Pods-Adidas Hackathon Madrid/Pods-Adidas Hackathon Madrid.debug.xcconfig"; sourceTree = "<group>"; };
		131492BF20B98117000EE678 /* UIApplication+mainWindow.swift */ = {isa = PBXFileReference; lastKnownFileType = sourcecode.swift; path = "UIApplication+mainWindow.swift"; sourceTree = "<group>"; };
		131492C320B98624000EE678 /* PlayerViewController.storyboard */ = {isa = PBXFileReference; lastKnownFileType = file.storyboard; path = PlayerViewController.storyboard; sourceTree = "<group>"; };
		131492CB20B9A2C1000EE678 /* Epoch.swift */ = {isa = PBXFileReference; lastKnownFileType = sourcecode.swift; path = Epoch.swift; sourceTree = "<group>"; };
		131492CF20B9A8A5000EE678 /* CoreMotionModel.swift */ = {isa = PBXFileReference; fileEncoding = 4; lastKnownFileType = sourcecode.swift; path = CoreMotionModel.swift; sourceTree = "<group>"; };
		131492D120B9AA28000EE678 /* CoreMotionModelError.swift */ = {isa = PBXFileReference; lastKnownFileType = sourcecode.swift; path = CoreMotionModelError.swift; sourceTree = "<group>"; };
		1318D05E20B9CE97005FD7F7 /* MusicModel.swift */ = {isa = PBXFileReference; lastKnownFileType = sourcecode.swift; path = MusicModel.swift; sourceTree = "<group>"; };
		1358D3CC20B9645400E72DFD /* HealthModel.swift */ = {isa = PBXFileReference; lastKnownFileType = sourcecode.swift; path = HealthModel.swift; sourceTree = "<group>"; };
		1386B42620B96B1700F56388 /* HealthModelError.swift */ = {isa = PBXFileReference; lastKnownFileType = sourcecode.swift; path = HealthModelError.swift; sourceTree = "<group>"; };
		1386B42820B9772B00F56388 /* PlayerViewController.swift */ = {isa = PBXFileReference; lastKnownFileType = sourcecode.swift; path = PlayerViewController.swift; sourceTree = "<group>"; };
		13BDF0C120B95C7B0013017F /* Adidas Hackathon Madrid.app */ = {isa = PBXFileReference; explicitFileType = wrapper.application; includeInIndex = 0; path = "Adidas Hackathon Madrid.app"; sourceTree = BUILT_PRODUCTS_DIR; };
		13BDF0C420B95C7B0013017F /* AppDelegate.swift */ = {isa = PBXFileReference; lastKnownFileType = sourcecode.swift; path = AppDelegate.swift; sourceTree = "<group>"; };
		13BDF0C820B95C7B0013017F /* EntryViewController.swift */ = {isa = PBXFileReference; lastKnownFileType = sourcecode.swift; path = EntryViewController.swift; sourceTree = "<group>"; };
		13BDF0CB20B95C7B0013017F /* Base */ = {isa = PBXFileReference; lastKnownFileType = file.storyboard; name = Base; path = Base.lproj/Main.storyboard; sourceTree = "<group>"; };
		13BDF0CD20B95C7C0013017F /* Assets.xcassets */ = {isa = PBXFileReference; lastKnownFileType = folder.assetcatalog; path = Assets.xcassets; sourceTree = "<group>"; };
		13BDF0D020B95C7C0013017F /* Base */ = {isa = PBXFileReference; lastKnownFileType = file.storyboard; name = Base; path = Base.lproj/LaunchScreen.storyboard; sourceTree = "<group>"; };
		13BDF0D220B95C7C0013017F /* Info.plist */ = {isa = PBXFileReference; lastKnownFileType = text.plist.xml; path = Info.plist; sourceTree = "<group>"; };
		13BDF0D820B960B30013017F /* Adidas Hackathon Madrid.entitlements */ = {isa = PBXFileReference; lastKnownFileType = text.plist.entitlements; path = "Adidas Hackathon Madrid.entitlements"; sourceTree = "<group>"; };
		13BDF0D920B960B40013017F /* HealthKit.framework */ = {isa = PBXFileReference; lastKnownFileType = wrapper.framework; name = HealthKit.framework; path = System/Library/Frameworks/HealthKit.framework; sourceTree = SDKROOT; };
		45AA8DE7377E07E91DBE536C /* Pods_Adidas_Hackathon_Madrid.framework */ = {isa = PBXFileReference; explicitFileType = wrapper.framework; includeInIndex = 0; path = Pods_Adidas_Hackathon_Madrid.framework; sourceTree = BUILT_PRODUCTS_DIR; };
		A32FE4ABB80EDAF00E4AAC98 /* Pods-Adidas Hackathon Madrid.release.xcconfig */ = {isa = PBXFileReference; includeInIndex = 1; lastKnownFileType = text.xcconfig; name = "Pods-Adidas Hackathon Madrid.release.xcconfig"; path = "Pods/Target Support Files/Pods-Adidas Hackathon Madrid/Pods-Adidas Hackathon Madrid.release.xcconfig"; sourceTree = "<group>"; };
/* End PBXFileReference section */

/* Begin PBXFrameworksBuildPhase section */
		13BDF0BE20B95C7B0013017F /* Frameworks */ = {
			isa = PBXFrameworksBuildPhase;
			buildActionMask = 2147483647;
			files = (
				E91FEB4A266ED6980403E5DC /* Pods_Adidas_Hackathon_Madrid.framework in Frameworks */,
				13BDF0DA20B960B40013017F /* HealthKit.framework in Frameworks */,
			);
			runOnlyForDeploymentPostprocessing = 0;
		};
/* End PBXFrameworksBuildPhase section */

/* Begin PBXGroup section */
		100CA17E439FD120BA3438FF /* Pods */ = {
			isa = PBXGroup;
			children = (
				0CDA5FAD224EB40230D08923 /* Pods-Adidas Hackathon Madrid.debug.xcconfig */,
				A32FE4ABB80EDAF00E4AAC98 /* Pods-Adidas Hackathon Madrid.release.xcconfig */,
			);
			name = Pods;
			sourceTree = "<group>";
		};
		131492C520B98627000EE678 /* PlayerViewController */ = {
			isa = PBXGroup;
			children = (
				1386B42820B9772B00F56388 /* PlayerViewController.swift */,
				131492C320B98624000EE678 /* PlayerViewController.storyboard */,
			);
			path = PlayerViewController;
			sourceTree = "<group>";
		};
		131492C620B98644000EE678 /* EntryViewController */ = {
			isa = PBXGroup;
			children = (
				13BDF0C820B95C7B0013017F /* EntryViewController.swift */,
			);
			path = EntryViewController;
			sourceTree = "<group>";
		};
		131492C720B98652000EE678 /* Extensions */ = {
			isa = PBXGroup;
			children = (
				131492BF20B98117000EE678 /* UIApplication+mainWindow.swift */,
			);
			path = Extensions;
			sourceTree = "<group>";
		};
		131492C820B9865C000EE678 /* Models */ = {
			isa = PBXGroup;
			children = (
				1358D3CC20B9645400E72DFD /* HealthModel.swift */,
				131492CF20B9A8A5000EE678 /* CoreMotionModel.swift */,
				131492D120B9AA28000EE678 /* CoreMotionModelError.swift */,
				1386B42620B96B1700F56388 /* HealthModelError.swift */,
				131492CB20B9A2C1000EE678 /* Epoch.swift */,
				1318D05E20B9CE97005FD7F7 /* MusicModel.swift */,
			);
			path = Models;
			sourceTree = "<group>";
		};
		13BDF0B820B95C7B0013017F = {
			isa = PBXGroup;
			children = (
				13BDF0C320B95C7B0013017F /* Adidas Hackathon Madrid */,
				13BDF0C220B95C7B0013017F /* Products */,
				100CA17E439FD120BA3438FF /* Pods */,
				D48A0ED6FEF167B7E2078348 /* Frameworks */,
			);
			sourceTree = "<group>";
		};
		13BDF0C220B95C7B0013017F /* Products */ = {
			isa = PBXGroup;
			children = (
				13BDF0C120B95C7B0013017F /* Adidas Hackathon Madrid.app */,
			);
			name = Products;
			sourceTree = "<group>";
		};
		13BDF0C320B95C7B0013017F /* Adidas Hackathon Madrid */ = {
			isa = PBXGroup;
			children = (
				131492C820B9865C000EE678 /* Models */,
				131492C720B98652000EE678 /* Extensions */,
				131492C620B98644000EE678 /* EntryViewController */,
				131492C520B98627000EE678 /* PlayerViewController */,
				13BDF0D820B960B30013017F /* Adidas Hackathon Madrid.entitlements */,
				13BDF0C420B95C7B0013017F /* AppDelegate.swift */,
				13BDF0CA20B95C7B0013017F /* Main.storyboard */,
				13BDF0CD20B95C7C0013017F /* Assets.xcassets */,
				13BDF0CF20B95C7C0013017F /* LaunchScreen.storyboard */,
				13BDF0D220B95C7C0013017F /* Info.plist */,
			);
			path = "Adidas Hackathon Madrid";
			sourceTree = "<group>";
		};
		D48A0ED6FEF167B7E2078348 /* Frameworks */ = {
			isa = PBXGroup;
			children = (
				13BDF0D920B960B40013017F /* HealthKit.framework */,
				45AA8DE7377E07E91DBE536C /* Pods_Adidas_Hackathon_Madrid.framework */,
			);
			name = Frameworks;
			sourceTree = "<group>";
		};
/* End PBXGroup section */

/* Begin PBXNativeTarget section */
		13BDF0C020B95C7B0013017F /* Adidas Hackathon Madrid */ = {
			isa = PBXNativeTarget;
			buildConfigurationList = 13BDF0D520B95C7C0013017F /* Build configuration list for PBXNativeTarget "Adidas Hackathon Madrid" */;
			buildPhases = (
				76FE15876F0EE5970D19E014 /* [CP] Check Pods Manifest.lock */,
				13BDF0BD20B95C7B0013017F /* Sources */,
				13BDF0BE20B95C7B0013017F /* Frameworks */,
				13BDF0BF20B95C7B0013017F /* Resources */,
				95C28909B65BC3F8F7401FE7 /* [CP] Embed Pods Frameworks */,
			);
			buildRules = (
			);
			dependencies = (
			);
			name = "Adidas Hackathon Madrid";
			productName = "Adidas Hackathon Madrid";
			productReference = 13BDF0C120B95C7B0013017F /* Adidas Hackathon Madrid.app */;
			productType = "com.apple.product-type.application";
		};
/* End PBXNativeTarget section */

/* Begin PBXProject section */
		13BDF0B920B95C7B0013017F /* Project object */ = {
			isa = PBXProject;
			attributes = {
				LastSwiftUpdateCheck = 0930;
				LastUpgradeCheck = 0930;
				ORGANIZATIONNAME = "Bobby Tabbles";
				TargetAttributes = {
					13BDF0C020B95C7B0013017F = {
						CreatedOnToolsVersion = 9.3.1;
						SystemCapabilities = {
							com.apple.HealthKit = {
								enabled = 1;
							};
						};
					};
				};
			};
			buildConfigurationList = 13BDF0BC20B95C7B0013017F /* Build configuration list for PBXProject "Adidas Hackathon Madrid" */;
			compatibilityVersion = "Xcode 9.3";
			developmentRegion = en;
			hasScannedForEncodings = 0;
			knownRegions = (
				en,
				Base,
			);
			mainGroup = 13BDF0B820B95C7B0013017F;
			productRefGroup = 13BDF0C220B95C7B0013017F /* Products */;
			projectDirPath = "";
			projectRoot = "";
			targets = (
				13BDF0C020B95C7B0013017F /* Adidas Hackathon Madrid */,
			);
		};
/* End PBXProject section */

/* Begin PBXResourcesBuildPhase section */
		13BDF0BF20B95C7B0013017F /* Resources */ = {
			isa = PBXResourcesBuildPhase;
			buildActionMask = 2147483647;
			files = (
				13BDF0D120B95C7C0013017F /* LaunchScreen.storyboard in Resources */,
				13BDF0CE20B95C7C0013017F /* Assets.xcassets in Resources */,
				131492C420B98624000EE678 /* PlayerViewController.storyboard in Resources */,
				13BDF0CC20B95C7B0013017F /* Main.storyboard in Resources */,
			);
			runOnlyForDeploymentPostprocessing = 0;
		};
/* End PBXResourcesBuildPhase section */

/* Begin PBXShellScriptBuildPhase section */
		76FE15876F0EE5970D19E014 /* [CP] Check Pods Manifest.lock */ = {
			isa = PBXShellScriptBuildPhase;
			buildActionMask = 2147483647;
			files = (
			);
			inputPaths = (
				"${PODS_PODFILE_DIR_PATH}/Podfile.lock",
				"${PODS_ROOT}/Manifest.lock",
			);
			name = "[CP] Check Pods Manifest.lock";
			outputPaths = (
				"$(DERIVED_FILE_DIR)/Pods-Adidas Hackathon Madrid-checkManifestLockResult.txt",
			);
			runOnlyForDeploymentPostprocessing = 0;
			shellPath = /bin/sh;
			shellScript = "diff \"${PODS_PODFILE_DIR_PATH}/Podfile.lock\" \"${PODS_ROOT}/Manifest.lock\" > /dev/null\nif [ $? != 0 ] ; then\n    # print error to STDERR\n    echo \"error: The sandbox is not in sync with the Podfile.lock. Run 'pod install' or update your CocoaPods installation.\" >&2\n    exit 1\nfi\n# This output is used by Xcode 'outputs' to avoid re-running this script phase.\necho \"SUCCESS\" > \"${SCRIPT_OUTPUT_FILE_0}\"\n";
			showEnvVarsInLog = 0;
		};
		95C28909B65BC3F8F7401FE7 /* [CP] Embed Pods Frameworks */ = {
			isa = PBXShellScriptBuildPhase;
			buildActionMask = 2147483647;
			files = (
			);
			inputPaths = (
				"${SRCROOT}/Pods/Target Support Files/Pods-Adidas Hackathon Madrid/Pods-Adidas Hackathon Madrid-frameworks.sh",
				"${BUILT_PRODUCTS_DIR}/Alamofire/Alamofire.framework",
				"${BUILT_PRODUCTS_DIR}/HanekeSwift/Haneke.framework",
				"${BUILT_PRODUCTS_DIR}/PromiseKit/PromiseKit.framework",
				"${BUILT_PRODUCTS_DIR}/ReactiveCocoa/ReactiveCocoa.framework",
				"${BUILT_PRODUCTS_DIR}/ReactiveSwift/ReactiveSwift.framework",
				"${BUILT_PRODUCTS_DIR}/Result/Result.framework",
				"${BUILT_PRODUCTS_DIR}/Reusable/Reusable.framework",
			);
			name = "[CP] Embed Pods Frameworks";
			outputPaths = (
				"${TARGET_BUILD_DIR}/${FRAMEWORKS_FOLDER_PATH}/Alamofire.framework",
				"${TARGET_BUILD_DIR}/${FRAMEWORKS_FOLDER_PATH}/Haneke.framework",
				"${TARGET_BUILD_DIR}/${FRAMEWORKS_FOLDER_PATH}/PromiseKit.framework",
				"${TARGET_BUILD_DIR}/${FRAMEWORKS_FOLDER_PATH}/ReactiveCocoa.framework",
				"${TARGET_BUILD_DIR}/${FRAMEWORKS_FOLDER_PATH}/ReactiveSwift.framework",
				"${TARGET_BUILD_DIR}/${FRAMEWORKS_FOLDER_PATH}/Result.framework",
				"${TARGET_BUILD_DIR}/${FRAMEWORKS_FOLDER_PATH}/Reusable.framework",
			);
			runOnlyForDeploymentPostprocessing = 0;
			shellPath = /bin/sh;
			shellScript = "\"${SRCROOT}/Pods/Target Support Files/Pods-Adidas Hackathon Madrid/Pods-Adidas Hackathon Madrid-frameworks.sh\"\n";
			showEnvVarsInLog = 0;
		};
/* End PBXShellScriptBuildPhase section */

/* Begin PBXSourcesBuildPhase section */
		13BDF0BD20B95C7B0013017F /* Sources */ = {
			isa = PBXSourcesBuildPhase;
			buildActionMask = 2147483647;
			files = (
				131492D020B9A8A5000EE678 /* CoreMotionModel.swift in Sources */,
				13BDF0C920B95C7B0013017F /* EntryViewController.swift in Sources */,
				1358D3CD20B9645400E72DFD /* HealthModel.swift in Sources */,
				1318D05F20B9CE97005FD7F7 /* MusicModel.swift in Sources */,
				131492D220B9AA28000EE678 /* CoreMotionModelError.swift in Sources */,
				1386B42720B96B1700F56388 /* HealthModelError.swift in Sources */,
				13BDF0C520B95C7B0013017F /* AppDelegate.swift in Sources */,
				1386B42920B9772B00F56388 /* PlayerViewController.swift in Sources */,
				131492C020B98117000EE678 /* UIApplication+mainWindow.swift in Sources */,
				131492CC20B9A2C1000EE678 /* Epoch.swift in Sources */,
			);
			runOnlyForDeploymentPostprocessing = 0;
		};
/* End PBXSourcesBuildPhase section */

/* Begin PBXVariantGroup section */
		13BDF0CA20B95C7B0013017F /* Main.storyboard */ = {
			isa = PBXVariantGroup;
			children = (
				13BDF0CB20B95C7B0013017F /* Base */,
			);
			name = Main.storyboard;
			sourceTree = "<group>";
		};
		13BDF0CF20B95C7C0013017F /* LaunchScreen.storyboard */ = {
			isa = PBXVariantGroup;
			children = (
				13BDF0D020B95C7C0013017F /* Base */,
			);
			name = LaunchScreen.storyboard;
			sourceTree = "<group>";
		};
/* End PBXVariantGroup section */

/* Begin XCBuildConfiguration section */
		13BDF0D320B95C7C0013017F /* Debug */ = {
			isa = XCBuildConfiguration;
			buildSettings = {
				ALWAYS_SEARCH_USER_PATHS = NO;
				CLANG_ANALYZER_NONNULL = YES;
				CLANG_ANALYZER_NUMBER_OBJECT_CONVERSION = YES_AGGRESSIVE;
				CLANG_CXX_LANGUAGE_STANDARD = "gnu++14";
				CLANG_CXX_LIBRARY = "libc++";
				CLANG_ENABLE_MODULES = YES;
				CLANG_ENABLE_OBJC_ARC = YES;
				CLANG_ENABLE_OBJC_WEAK = YES;
				CLANG_WARN_BLOCK_CAPTURE_AUTORELEASING = YES;
				CLANG_WARN_BOOL_CONVERSION = YES;
				CLANG_WARN_COMMA = YES;
				CLANG_WARN_CONSTANT_CONVERSION = YES;
				CLANG_WARN_DEPRECATED_OBJC_IMPLEMENTATIONS = YES;
				CLANG_WARN_DIRECT_OBJC_ISA_USAGE = YES_ERROR;
				CLANG_WARN_DOCUMENTATION_COMMENTS = YES;
				CLANG_WARN_EMPTY_BODY = YES;
				CLANG_WARN_ENUM_CONVERSION = YES;
				CLANG_WARN_INFINITE_RECURSION = YES;
				CLANG_WARN_INT_CONVERSION = YES;
				CLANG_WARN_NON_LITERAL_NULL_CONVERSION = YES;
				CLANG_WARN_OBJC_IMPLICIT_RETAIN_SELF = YES;
				CLANG_WARN_OBJC_LITERAL_CONVERSION = YES;
				CLANG_WARN_OBJC_ROOT_CLASS = YES_ERROR;
				CLANG_WARN_RANGE_LOOP_ANALYSIS = YES;
				CLANG_WARN_STRICT_PROTOTYPES = YES;
				CLANG_WARN_SUSPICIOUS_MOVE = YES;
				CLANG_WARN_UNGUARDED_AVAILABILITY = YES_AGGRESSIVE;
				CLANG_WARN_UNREACHABLE_CODE = YES;
				CLANG_WARN__DUPLICATE_METHOD_MATCH = YES;
				CODE_SIGN_IDENTITY = "iPhone Developer";
				COPY_PHASE_STRIP = NO;
				DEBUG_INFORMATION_FORMAT = dwarf;
				ENABLE_STRICT_OBJC_MSGSEND = YES;
				ENABLE_TESTABILITY = YES;
				GCC_C_LANGUAGE_STANDARD = gnu11;
				GCC_DYNAMIC_NO_PIC = NO;
				GCC_NO_COMMON_BLOCKS = YES;
				GCC_OPTIMIZATION_LEVEL = 0;
				GCC_PREPROCESSOR_DEFINITIONS = (
					"DEBUG=1",
					"$(inherited)",
				);
				GCC_WARN_64_TO_32_BIT_CONVERSION = YES;
				GCC_WARN_ABOUT_RETURN_TYPE = YES_ERROR;
				GCC_WARN_UNDECLARED_SELECTOR = YES;
				GCC_WARN_UNINITIALIZED_AUTOS = YES_AGGRESSIVE;
				GCC_WARN_UNUSED_FUNCTION = YES;
				GCC_WARN_UNUSED_VARIABLE = YES;
				IPHONEOS_DEPLOYMENT_TARGET = 11.3;
				MTL_ENABLE_DEBUG_INFO = YES;
				ONLY_ACTIVE_ARCH = YES;
				SDKROOT = iphoneos;
				SWIFT_ACTIVE_COMPILATION_CONDITIONS = DEBUG;
				SWIFT_OPTIMIZATION_LEVEL = "-Onone";
			};
			name = Debug;
		};
		13BDF0D420B95C7C0013017F /* Release */ = {
			isa = XCBuildConfiguration;
			buildSettings = {
				ALWAYS_SEARCH_USER_PATHS = NO;
				CLANG_ANALYZER_NONNULL = YES;
				CLANG_ANALYZER_NUMBER_OBJECT_CONVERSION = YES_AGGRESSIVE;
				CLANG_CXX_LANGUAGE_STANDARD = "gnu++14";
				CLANG_CXX_LIBRARY = "libc++";
				CLANG_ENABLE_MODULES = YES;
				CLANG_ENABLE_OBJC_ARC = YES;
				CLANG_ENABLE_OBJC_WEAK = YES;
				CLANG_WARN_BLOCK_CAPTURE_AUTORELEASING = YES;
				CLANG_WARN_BOOL_CONVERSION = YES;
				CLANG_WARN_COMMA = YES;
				CLANG_WARN_CONSTANT_CONVERSION = YES;
				CLANG_WARN_DEPRECATED_OBJC_IMPLEMENTATIONS = YES;
				CLANG_WARN_DIRECT_OBJC_ISA_USAGE = YES_ERROR;
				CLANG_WARN_DOCUMENTATION_COMMENTS = YES;
				CLANG_WARN_EMPTY_BODY = YES;
				CLANG_WARN_ENUM_CONVERSION = YES;
				CLANG_WARN_INFINITE_RECURSION = YES;
				CLANG_WARN_INT_CONVERSION = YES;
				CLANG_WARN_NON_LITERAL_NULL_CONVERSION = YES;
				CLANG_WARN_OBJC_IMPLICIT_RETAIN_SELF = YES;
				CLANG_WARN_OBJC_LITERAL_CONVERSION = YES;
				CLANG_WARN_OBJC_ROOT_CLASS = YES_ERROR;
				CLANG_WARN_RANGE_LOOP_ANALYSIS = YES;
				CLANG_WARN_STRICT_PROTOTYPES = YES;
				CLANG_WARN_SUSPICIOUS_MOVE = YES;
				CLANG_WARN_UNGUARDED_AVAILABILITY = YES_AGGRESSIVE;
				CLANG_WARN_UNREACHABLE_CODE = YES;
				CLANG_WARN__DUPLICATE_METHOD_MATCH = YES;
				CODE_SIGN_IDENTITY = "iPhone Developer";
				COPY_PHASE_STRIP = NO;
				DEBUG_INFORMATION_FORMAT = "dwarf-with-dsym";
				ENABLE_NS_ASSERTIONS = NO;
				ENABLE_STRICT_OBJC_MSGSEND = YES;
				GCC_C_LANGUAGE_STANDARD = gnu11;
				GCC_NO_COMMON_BLOCKS = YES;
				GCC_WARN_64_TO_32_BIT_CONVERSION = YES;
				GCC_WARN_ABOUT_RETURN_TYPE = YES_ERROR;
				GCC_WARN_UNDECLARED_SELECTOR = YES;
				GCC_WARN_UNINITIALIZED_AUTOS = YES_AGGRESSIVE;
				GCC_WARN_UNUSED_FUNCTION = YES;
				GCC_WARN_UNUSED_VARIABLE = YES;
				IPHONEOS_DEPLOYMENT_TARGET = 11.3;
				MTL_ENABLE_DEBUG_INFO = NO;
				SDKROOT = iphoneos;
				SWIFT_COMPILATION_MODE = wholemodule;
				SWIFT_OPTIMIZATION_LEVEL = "-O";
				VALIDATE_PRODUCT = YES;
			};
			name = Release;
		};
		13BDF0D620B95C7C0013017F /* Debug */ = {
			isa = XCBuildConfiguration;
			baseConfigurationReference = 0CDA5FAD224EB40230D08923 /* Pods-Adidas Hackathon Madrid.debug.xcconfig */;
			buildSettings = {
				ASSETCATALOG_COMPILER_APPICON_NAME = AppIcon;
				CODE_SIGN_ENTITLEMENTS = "Adidas Hackathon Madrid/Adidas Hackathon Madrid.entitlements";
				CODE_SIGN_STYLE = Automatic;
				DEVELOPMENT_TEAM = 3Z25DT3NGV;
				INFOPLIST_FILE = "Adidas Hackathon Madrid/Info.plist";
				LD_RUNPATH_SEARCH_PATHS = (
					"$(inherited)",
					"@executable_path/Frameworks",
				);
				PRODUCT_BUNDLE_IDENTIFIER = "tables.bobby.Adidas-Hackathon-Madrid";
				PRODUCT_NAME = "$(TARGET_NAME)";
				SWIFT_VERSION = 4.0;
				TARGETED_DEVICE_FAMILY = "1,2";
			};
			name = Debug;
		};
		13BDF0D720B95C7C0013017F /* Release */ = {
			isa = XCBuildConfiguration;
			baseConfigurationReference = A32FE4ABB80EDAF00E4AAC98 /* Pods-Adidas Hackathon Madrid.release.xcconfig */;
			buildSettings = {
				ASSETCATALOG_COMPILER_APPICON_NAME = AppIcon;
				CODE_SIGN_ENTITLEMENTS = "Adidas Hackathon Madrid/Adidas Hackathon Madrid.entitlements";
				CODE_SIGN_STYLE = Automatic;
				DEVELOPMENT_TEAM = 3Z25DT3NGV;
				INFOPLIST_FILE = "Adidas Hackathon Madrid/Info.plist";
				LD_RUNPATH_SEARCH_PATHS = (
					"$(inherited)",
					"@executable_path/Frameworks",
				);
				PRODUCT_BUNDLE_IDENTIFIER = "tables.bobby.Adidas-Hackathon-Madrid";
				PRODUCT_NAME = "$(TARGET_NAME)";
				SWIFT_VERSION = 4.0;
				TARGETED_DEVICE_FAMILY = "1,2";
			};
			name = Release;
		};
/* End XCBuildConfiguration section */

/* Begin XCConfigurationList section */
		13BDF0BC20B95C7B0013017F /* Build configuration list for PBXProject "Adidas Hackathon Madrid" */ = {
			isa = XCConfigurationList;
			buildConfigurations = (
				13BDF0D320B95C7C0013017F /* Debug */,
				13BDF0D420B95C7C0013017F /* Release */,
			);
			defaultConfigurationIsVisible = 0;
			defaultConfigurationName = Release;
		};
		13BDF0D520B95C7C0013017F /* Build configuration list for PBXNativeTarget "Adidas Hackathon Madrid" */ = {
			isa = XCConfigurationList;
			buildConfigurations = (
				13BDF0D620B95C7C0013017F /* Debug */,
				13BDF0D720B95C7C0013017F /* Release */,
			);
			defaultConfigurationIsVisible = 0;
			defaultConfigurationName = Release;
		};
/* End XCConfigurationList section */
	};
	rootObject = 13BDF0B920B95C7B0013017F /* Project object */;
}
