PODS:
  - Alamofire (4.7.2)
  - HanekeSwift (1.1)
  - PromiseKit (6.2.8):
    - PromiseKit/CorePromise (= 6.2.8)
    - PromiseKit/Foundation (= 6.2.8)
    - PromiseKit/UIKit (= 6.2.8)
  - PromiseKit/Alamofire (6.2.8):
    - Alamofire (~> 4.0)
    - PromiseKit/CorePromise
  - PromiseKit/CorePromise (6.2.8)
  - PromiseKit/Foundation (6.2.8):
    - PromiseKit/CorePromise
  - PromiseKit/UIKit (6.2.8):
    - PromiseKit/CorePromise
  - ReactiveCocoa (7.2.0):
    - ReactiveSwift (~> 3.1)
  - ReactiveSwift (3.1.0):
    - Result (~> 3.2)
  - Result (3.2.4)
  - Reusable (4.0.2):
    - Reusable/Storyboard (= 4.0.2)
    - Reusable/View (= 4.0.2)
  - Reusable/Storyboard (4.0.2)
  - Reusable/View (4.0.2)

DEPENDENCIES:
  - Alamofire (~> 4.7.2)
  - HanekeSwift (from `https://github.com/Haneke/HanekeSwift.git`, tag `v0.11.1`)
  - PromiseKit (~> 6.0)
  - PromiseKit/Alamofire (~> 6.0)
  - ReactiveCocoa (~> 7.2.0)
  - Reusable (~> 4.0.2)

SPEC REPOS:
  https://github.com/cocoapods/specs.git:
    - Alamofire
    - PromiseKit
    - ReactiveCocoa
    - ReactiveSwift
    - Result
    - Reusable

EXTERNAL SOURCES:
  HanekeSwift:
    :git: https://github.com/Haneke/HanekeSwift.git
    :tag: v0.11.1

CHECKOUT OPTIONS:
  HanekeSwift:
    :git: https://github.com/Haneke/HanekeSwift.git
    :tag: v0.11.1

SPEC CHECKSUMS:
  Alamofire: e4fa87002c137ba2d8d634d2c51fabcda0d5c223
  HanekeSwift: cb662a1f22b10ff3ff1d7b5030ae451da5d93831
  PromiseKit: 6788ce1a0ed5448b83d4aaf56b9fc49fb7647d32
  ReactiveCocoa: 476dae7ca790f40d30d186a1bd7ebae4290395d5
  ReactiveSwift: 5b26d2e988fe0eed2daf48c4054d1de74db50184
  Result: d2d07204ce72856f1fd9130bbe42c35a7b0fea10
  Reusable: 584a5629747c52e0f6a77841b400dc2643f6fa0f

PODFILE CHECKSUM: b195b7d7346674700f028f22eac202168caa301e

COCOAPODS: 1.5.3
