PODS:
  - PromiseKit (6.2.8):
    - PromiseKit/CorePromise (= 6.2.8)
    - PromiseKit/Foundation (= 6.2.8)
    - PromiseKit/UIKit (= 6.2.8)
  - PromiseKit/CorePromise (6.2.8)
  - PromiseKit/Foundation (6.2.8):
    - PromiseKit/CorePromise
  - PromiseKit/UIKit (6.2.8):
    - PromiseKit/CorePromise
  - Reusable (4.0.2):
    - Reusable/Storyboard (= 4.0.2)
    - Reusable/View (= 4.0.2)
  - Reusable/Storyboard (4.0.2)
  - Reusable/View (4.0.2)

DEPENDENCIES:
  - PromiseKit (~> 6.0)
  - Reusable (~> 4.0.2)

SPEC REPOS:
  https://github.com/cocoapods/specs.git:
    - PromiseKit
    - Reusable

SPEC CHECKSUMS:
  PromiseKit: 6788ce1a0ed5448b83d4aaf56b9fc49fb7647d32
  Reusable: 584a5629747c52e0f6a77841b400dc2643f6fa0f

PODFILE CHECKSUM: 07d603bf1ce3543d61c8b89e880a5799634b9a4f

COCOAPODS: 1.5.3
